
Microsoft Visual Studio Solution File, Format Version 12.00
# Visual Studio Version 17
VisualStudioVersion = 17.3.32901.215
MinimumVisualStudioVersion = 10.0.40219.1
Project("{FAE04EC0-301F-11D3-BF4B-00C04F79EFBC}") = "NFC.Android", "NFC\NFC.Android\NFC.Android.csproj", "{73610C9F-A646-4361-A943-F4D2A563F049}"
EndProject
Project("{FAE04EC0-301F-11D3-BF4B-00C04F79EFBC}") = "NFC", "NFC\NFC\NFC.csproj", "{AF0A12D5-BEE3-4215-9F5A-6165883A4652}"
EndProject
Global
	GlobalSection(SolutionConfigurationPlatforms) = preSolution
		Debug|Any CPU = Debug|Any CPU
		Release|Any CPU = Release|Any CPU
	EndGlobalSection
	GlobalSection(ProjectConfigurationPlatforms) = postSolution
		{73610C9F-A646-4361-A943-F4D2A563F049}.Debug|Any CPU.ActiveCfg = Debug|Any CPU
		{73610C9F-A646-4361-A943-F4D2A563F049}.Debug|Any CPU.Build.0 = Debug|Any CPU
		{73610C9F-A646-4361-A943-F4D2A563F049}.Debug|Any CPU.Deploy.0 = Debug|Any CPU
		{73610C9F-A646-4361-A943-F4D2A563F049}.Release|Any CPU.ActiveCfg = Release|Any CPU
		{73610C9F-A646-4361-A943-F4D2A563F049}.Release|Any CPU.Build.0 = Release|Any CPU
		{73610C9F-A646-4361-A943-F4D2A563F049}.Release|Any CPU.Deploy.0 = Release|Any CPU
		{AF0A12D5-BEE3-4215-9F5A-6165883A4652}.Debug|Any CPU.ActiveCfg = Debug|Any CPU
		{AF0A12D5-BEE3-4215-9F5A-6165883A4652}.Debug|Any CPU.Build.0 = Debug|Any CPU
		{AF0A12D5-BEE3-4215-9F5A-6165883A4652}.Debug|Any CPU.Deploy.0 = Debug|Any CPU
		{AF0A12D5-BEE3-4215-9F5A-6165883A4652}.Release|Any CPU.ActiveCfg = Release|Any CPU
		{AF0A12D5-BEE3-4215-9F5A-6165883A4652}.Release|Any CPU.Build.0 = Release|Any CPU
		{AF0A12D5-BEE3-4215-9F5A-6165883A4652}.Release|Any CPU.Deploy.0 = Release|Any CPU
	EndGlobalSection
	GlobalSection(SolutionProperties) = preSolution
		HideSolutionNode = FALSE
	EndGlobalSection
	GlobalSection(ExtensibilityGlobals) = postSolution
		SolutionGuid = {AA9ADAC8-1A48-463F-A496-60D9E42C3F72}
	EndGlobalSection
EndGlobal
